github.com/pkg/browser v0.0.0-20180916011732-0a3d74bf9ce4 h1:49lOXmGaUpV9Fz3gd7TFZY106KVlPVa5jcYD1gaQf98=
github.com/pkg/browser v0.0.0-20180916011732-0a3d74bf9ce4/go.mod h1:4OwLy04Bl9Ef3GJJCoec+30X3LQs/0/m4HFRt/2LUSA=
gopkg.in/check.v1 v0.0.0-20161208181325-20d25e280405/go.mod h1:Co6ibVJAznAaIkqp8huTwlJQCZ016jof/cbN4VW5Yz0=
gopkg.in/yaml.v3 v3.0.1 h1:fxVm/GzAzEWqLHuvctI91KS9hhNmmWOoWu0XTYJS7CA=
gopkg.in/yaml.v3 v3.0.1/go.mod h1:K4uyk7z7BCEPqu6E+C64Yfv1cQ7kz7rIZviUmN+EgEM=
